// !$*UTF8*$!
{
	archiveVersion = 1;
	classes = {
	};
	objectVersion = 46;
	objects = {

/* Begin PBXBuildFile section */
		488B6B471E05D9A3003471A3 /* Main.storyboard in Resources */ = {isa = PBXBuildFile; fileRef = 488B6B451E05D9A3003471A3 /* Main.storyboard */; };
		488B6B491E05D9A3003471A3 /* Assets.xcassets in Resources */ = {isa = PBXBuildFile; fileRef = 488B6B481E05D9A3003471A3 /* Assets.xcassets */; };
		488B6B4C1E05D9A3003471A3 /* LaunchScreen.storyboard in Resources */ = {isa = PBXBuildFile; fileRef = 488B6B4A1E05D9A3003471A3 /* LaunchScreen.storyboard */; };
		488B6B571E05D9A3003471A3 /* CustomActionSheetTests.swift in Sources */ = {isa = PBXBuildFile; fileRef = 488B6B561E05D9A3003471A3 /* CustomActionSheetTests.swift */; };
		488B6B621E05D9A3003471A3 /* CustomActionSheetUITests.swift in Sources */ = {isa = PBXBuildFile; fileRef = 488B6B611E05D9A3003471A3 /* CustomActionSheetUITests.swift */; };
		488B6B701E05D9D1003471A3 /* ActionSheetLauncher.swift in Sources */ = {isa = PBXBuildFile; fileRef = 488B6B6F1E05D9D1003471A3 /* ActionSheetLauncher.swift */; };
		488B6B7A1E05E641003471A3 /* AppDelegate.swift in Sources */ = {isa = PBXBuildFile; fileRef = 488B6B781E05E641003471A3 /* AppDelegate.swift */; };
		488B6B7D1E05E648003471A3 /* ViewController.swift in Sources */ = {isa = PBXBuildFile; fileRef = 488B6B7C1E05E648003471A3 /* ViewController.swift */; };
		488B6B7F1E05E651003471A3 /* UIKit Extensions.swift in Sources */ = {isa = PBXBuildFile; fileRef = 488B6B7E1E05E651003471A3 /* UIKit Extensions.swift */; };
		488B6B821E05EAD6003471A3 /* Itemeable.swift in Sources */ = {isa = PBXBuildFile; fileRef = 488B6B811E05EAD6003471A3 /* Itemeable.swift */; };
		488B6B841E05EAF8003471A3 /* AlertSheedDataSource.swift in Sources */ = {isa = PBXBuildFile; fileRef = 488B6B831E05EAF8003471A3 /* AlertSheedDataSource.swift */; };
		488B6B861E05EB16003471A3 /* AlertSheetDelegate.swift in Sources */ = {isa = PBXBuildFile; fileRef = 488B6B851E05EB16003471A3 /* AlertSheetDelegate.swift */; };
		488B6B881E05EB2E003471A3 /* CellTapeable.swift in Sources */ = {isa = PBXBuildFile; fileRef = 488B6B871E05EB2E003471A3 /* CellTapeable.swift */; };
		488B6B8B1E05EB59003471A3 /* AlertSheetCell.swift in Sources */ = {isa = PBXBuildFile; fileRef = 488B6B8A1E05EB59003471A3 /* AlertSheetCell.swift */; };
/* End PBXBuildFile section */

/* Begin PBXContainerItemProxy section */
		488B6B531E05D9A3003471A3 /* PBXContainerItemProxy */ = {
			isa = PBXContainerItemProxy;
			containerPortal = 488B6B361E05D9A3003471A3 /* Project object */;
			proxyType = 1;
			remoteGlobalIDString = 488B6B3D1E05D9A3003471A3;
			remoteInfo = CustomActionSheet;
		};
		488B6B5E1E05D9A3003471A3 /* PBXContainerItemProxy */ = {
			isa = PBXContainerItemProxy;
			containerPortal = 488B6B361E05D9A3003471A3 /* Project object */;
			proxyType = 1;
			remoteGlobalIDString = 488B6B3D1E05D9A3003471A3;
			remoteInfo = CustomActionSheet;
		};
/* End PBXContainerItemProxy section */

/* Begin PBXFileReference section */
		488B6B3E1E05D9A3003471A3 /* CustomActionSheet.app */ = {isa = PBXFileReference; explicitFileType = wrapper.application; includeInIndex = 0; path = CustomActionSheet.app; sourceTree = BUILT_PRODUCTS_DIR; };
		488B6B461E05D9A3003471A3 /* Base */ = {isa = PBXFileReference; lastKnownFileType = file.storyboard; name = Base; path = Base.lproj/Main.storyboard; sourceTree = "<group>"; };
		488B6B481E05D9A3003471A3 /* Assets.xcassets */ = {isa = PBXFileReference; lastKnownFileType = folder.assetcatalog; path = Assets.xcassets; sourceTree = "<group>"; };
		488B6B4B1E05D9A3003471A3 /* Base */ = {isa = PBXFileReference; lastKnownFileType = file.storyboard; name = Base; path = Base.lproj/LaunchScreen.storyboard; sourceTree = "<group>"; };
		488B6B521E05D9A3003471A3 /* CustomActionSheetTests.xctest */ = {isa = PBXFileReference; explicitFileType = wrapper.cfbundle; includeInIndex = 0; path = CustomActionSheetTests.xctest; sourceTree = BUILT_PRODUCTS_DIR; };
		488B6B561E05D9A3003471A3 /* CustomActionSheetTests.swift */ = {isa = PBXFileReference; lastKnownFileType = sourcecode.swift; path = CustomActionSheetTests.swift; sourceTree = "<group>"; };
		488B6B581E05D9A3003471A3 /* Info.plist */ = {isa = PBXFileReference; lastKnownFileType = text.plist.xml; path = Info.plist; sourceTree = "<group>"; };
		488B6B5D1E05D9A3003471A3 /* CustomActionSheetUITests.xctest */ = {isa = PBXFileReference; explicitFileType = wrapper.cfbundle; includeInIndex = 0; path = CustomActionSheetUITests.xctest; sourceTree = BUILT_PRODUCTS_DIR; };
		488B6B611E05D9A3003471A3 /* CustomActionSheetUITests.swift */ = {isa = PBXFileReference; lastKnownFileType = sourcecode.swift; path = CustomActionSheetUITests.swift; sourceTree = "<group>"; };
		488B6B631E05D9A3003471A3 /* Info.plist */ = {isa = PBXFileReference; lastKnownFileType = text.plist.xml; path = Info.plist; sourceTree = "<group>"; };
		488B6B6F1E05D9D1003471A3 /* ActionSheetLauncher.swift */ = {isa = PBXFileReference; fileEncoding = 4; lastKnownFileType = sourcecode.swift; name = ActionSheetLauncher.swift; path = Helper/ActionSheetLauncher.swift; sourceTree = "<group>"; };
		488B6B781E05E641003471A3 /* AppDelegate.swift */ = {isa = PBXFileReference; fileEncoding = 4; lastKnownFileType = sourcecode.swift; name = AppDelegate.swift; path = "Supporting Files/AppDelegate.swift"; sourceTree = "<group>"; };
		488B6B791E05E641003471A3 /* Info.plist */ = {isa = PBXFileReference; fileEncoding = 4; lastKnownFileType = text.plist.xml; name = Info.plist; path = "Supporting Files/Info.plist"; sourceTree = "<group>"; };
		488B6B7C1E05E648003471A3 /* ViewController.swift */ = {isa = PBXFileReference; fileEncoding = 4; lastKnownFileType = sourcecode.swift; name = ViewController.swift; path = ViewController/ViewController.swift; sourceTree = "<group>"; };
		488B6B7E1E05E651003471A3 /* UIKit Extensions.swift */ = {isa = PBXFileReference; fileEncoding = 4; lastKnownFileType = sourcecode.swift; name = "UIKit Extensions.swift"; path = "Util/UIKit Extensions.swift"; sourceTree = "<group>"; };
		488B6B811E05EAD6003471A3 /* Itemeable.swift */ = {isa = PBXFileReference; fileEncoding = 4; lastKnownFileType = sourcecode.swift; name = Itemeable.swift; path = Helper/Protocols/Itemeable.swift; sourceTree = "<group>"; };
		488B6B831E05EAF8003471A3 /* AlertSheedDataSource.swift */ = {isa = PBXFileReference; fileEncoding = 4; lastKnownFileType = sourcecode.swift; name = AlertSheedDataSource.swift; path = Helper/AlertSheedDataSource.swift; sourceTree = "<group>"; };
		488B6B851E05EB16003471A3 /* AlertSheetDelegate.swift */ = {isa = PBXFileReference; fileEncoding = 4; lastKnownFileType = sourcecode.swift; name = AlertSheetDelegate.swift; path = Helper/AlertSheetDelegate.swift; sourceTree = "<group>"; };
		488B6B871E05EB2E003471A3 /* CellTapeable.swift */ = {isa = PBXFileReference; fileEncoding = 4; lastKnownFileType = sourcecode.swift; name = CellTapeable.swift; path = Helper/Protocols/CellTapeable.swift; sourceTree = "<group>"; };
		488B6B8A1E05EB59003471A3 /* AlertSheetCell.swift */ = {isa = PBXFileReference; fileEncoding = 4; lastKnownFileType = sourcecode.swift; name = AlertSheetCell.swift; path = View/AlertSheetCell.swift; sourceTree = "<group>"; };
/* End PBXFileReference section */

/* Begin PBXFrameworksBuildPhase section */
		488B6B3B1E05D9A3003471A3 /* Frameworks */ = {
			isa = PBXFrameworksBuildPhase;
			buildActionMask = 2147483647;
			files = (
			);
			runOnlyForDeploymentPostprocessing = 0;
		};
		488B6B4F1E05D9A3003471A3 /* Frameworks */ = {
			isa = PBXFrameworksBuildPhase;
			buildActionMask = 2147483647;
			files = (
			);
			runOnlyForDeploymentPostprocessing = 0;
		};
		488B6B5A1E05D9A3003471A3 /* Frameworks */ = {
			isa = PBXFrameworksBuildPhase;
			buildActionMask = 2147483647;
			files = (
			);
			runOnlyForDeploymentPostprocessing = 0;
		};
/* End PBXFrameworksBuildPhase section */

/* Begin PBXGroup section */
		488B6B351E05D9A3003471A3 = {
			isa = PBXGroup;
			children = (
				488B6B401E05D9A3003471A3 /* CustomActionSheet */,
				488B6B551E05D9A3003471A3 /* CustomActionSheetTests */,
				488B6B601E05D9A3003471A3 /* CustomActionSheetUITests */,
				488B6B3F1E05D9A3003471A3 /* Products */,
			);
			sourceTree = "<group>";
		};
		488B6B3F1E05D9A3003471A3 /* Products */ = {
			isa = PBXGroup;
			children = (
				488B6B3E1E05D9A3003471A3 /* CustomActionSheet.app */,
				488B6B521E05D9A3003471A3 /* CustomActionSheetTests.xctest */,
				488B6B5D1E05D9A3003471A3 /* CustomActionSheetUITests.xctest */,
			);
			name = Products;
			sourceTree = "<group>";
		};
		488B6B401E05D9A3003471A3 /* CustomActionSheet */ = {
			isa = PBXGroup;
			children = (
				488B6B771E05E600003471A3 /* Util */,
				488B6B751E05E5F5003471A3 /* Helper */,
				488B6B891E05EB4B003471A3 /* View */,
				488B6B741E05E5EE003471A3 /* ViewController */,
				488B6B731E05E5E5003471A3 /* Supporting Files */,
			);
			path = CustomActionSheet;
			sourceTree = "<group>";
		};
		488B6B551E05D9A3003471A3 /* CustomActionSheetTests */ = {
			isa = PBXGroup;
			children = (
				488B6B561E05D9A3003471A3 /* CustomActionSheetTests.swift */,
				488B6B581E05D9A3003471A3 /* Info.plist */,
			);
			path = CustomActionSheetTests;
			sourceTree = "<group>";
		};
		488B6B601E05D9A3003471A3 /* CustomActionSheetUITests */ = {
			isa = PBXGroup;
			children = (
				488B6B611E05D9A3003471A3 /* CustomActionSheetUITests.swift */,
				488B6B631E05D9A3003471A3 /* Info.plist */,
			);
			path = CustomActionSheetUITests;
			sourceTree = "<group>";
		};
		488B6B731E05E5E5003471A3 /* Supporting Files */ = {
			isa = PBXGroup;
			children = (
				488B6B781E05E641003471A3 /* AppDelegate.swift */,
				488B6B791E05E641003471A3 /* Info.plist */,
				488B6B451E05D9A3003471A3 /* Main.storyboard */,
				488B6B481E05D9A3003471A3 /* Assets.xcassets */,
				488B6B4A1E05D9A3003471A3 /* LaunchScreen.storyboard */,
			);
			name = "Supporting Files";
			sourceTree = "<group>";
		};
		488B6B741E05E5EE003471A3 /* ViewController */ = {
			isa = PBXGroup;
			children = (
				488B6B7C1E05E648003471A3 /* ViewController.swift */,
			);
			name = ViewController;
			sourceTree = "<group>";
		};
		488B6B751E05E5F5003471A3 /* Helper */ = {
			isa = PBXGroup;
			children = (
				488B6B6F1E05D9D1003471A3 /* ActionSheetLauncher.swift */,
				488B6B831E05EAF8003471A3 /* AlertSheedDataSource.swift */,
				488B6B851E05EB16003471A3 /* AlertSheetDelegate.swift */,
				488B6B801E05EAB7003471A3 /* Protocols */,
			);
			name = Helper;
			sourceTree = "<group>";
		};
		488B6B771E05E600003471A3 /* Util */ = {
			isa = PBXGroup;
			children = (
				488B6B7E1E05E651003471A3 /* UIKit Extensions.swift */,
			);
			name = Util;
			sourceTree = "<group>";
		};
		488B6B801E05EAB7003471A3 /* Protocols */ = {
			isa = PBXGroup;
			children = (
				488B6B811E05EAD6003471A3 /* Itemeable.swift */,
				488B6B871E05EB2E003471A3 /* CellTapeable.swift */,
			);
			name = Protocols;
			sourceTree = "<group>";
		};
		488B6B891E05EB4B003471A3 /* View */ = {
			isa = PBXGroup;
			children = (
				488B6B8A1E05EB59003471A3 /* AlertSheetCell.swift */,
			);
			name = View;
			sourceTree = "<group>";
		};
/* End PBXGroup section */

/* Begin PBXNativeTarget section */
		488B6B3D1E05D9A3003471A3 /* CustomActionSheet */ = {
			isa = PBXNativeTarget;
			buildConfigurationList = 488B6B661E05D9A3003471A3 /* Build configuration list for PBXNativeTarget "CustomActionSheet" */;
			buildPhases = (
				488B6B3A1E05D9A3003471A3 /* Sources */,
				488B6B3B1E05D9A3003471A3 /* Frameworks */,
				488B6B3C1E05D9A3003471A3 /* Resources */,
			);
			buildRules = (
			);
			dependencies = (
			);
			name = CustomActionSheet;
			productName = CustomActionSheet;
			productReference = 488B6B3E1E05D9A3003471A3 /* CustomActionSheet.app */;
			productType = "com.apple.product-type.application";
		};
		488B6B511E05D9A3003471A3 /* CustomActionSheetTests */ = {
			isa = PBXNativeTarget;
			buildConfigurationList = 488B6B691E05D9A3003471A3 /* Build configuration list for PBXNativeTarget "CustomActionSheetTests" */;
			buildPhases = (
				488B6B4E1E05D9A3003471A3 /* Sources */,
				488B6B4F1E05D9A3003471A3 /* Frameworks */,
				488B6B501E05D9A3003471A3 /* Resources */,
			);
			buildRules = (
			);
			dependencies = (
				488B6B541E05D9A3003471A3 /* PBXTargetDependency */,
			);
			name = CustomActionSheetTests;
			productName = CustomActionSheetTests;
			productReference = 488B6B521E05D9A3003471A3 /* CustomActionSheetTests.xctest */;
			productType = "com.apple.product-type.bundle.unit-test";
		};
		488B6B5C1E05D9A3003471A3 /* CustomActionSheetUITests */ = {
			isa = PBXNativeTarget;
			buildConfigurationList = 488B6B6C1E05D9A3003471A3 /* Build configuration list for PBXNativeTarget "CustomActionSheetUITests" */;
			buildPhases = (
				488B6B591E05D9A3003471A3 /* Sources */,
				488B6B5A1E05D9A3003471A3 /* Frameworks */,
				488B6B5B1E05D9A3003471A3 /* Resources */,
			);
			buildRules = (
			);
			dependencies = (
				488B6B5F1E05D9A3003471A3 /* PBXTargetDependency */,
			);
			name = CustomActionSheetUITests;
			productName = CustomActionSheetUITests;
			productReference = 488B6B5D1E05D9A3003471A3 /* CustomActionSheetUITests.xctest */;
			productType = "com.apple.product-type.bundle.ui-testing";
		};
/* End PBXNativeTarget section */

/* Begin PBXProject section */
		488B6B361E05D9A3003471A3 /* Project object */ = {
			isa = PBXProject;
			attributes = {
				LastSwiftUpdateCheck = 0820;
				LastUpgradeCheck = 0820;
				ORGANIZATIONNAME = "Mihail Șalari";
				TargetAttributes = {
					488B6B3D1E05D9A3003471A3 = {
						CreatedOnToolsVersion = 8.2;
						ProvisioningStyle = Automatic;
					};
					488B6B511E05D9A3003471A3 = {
						CreatedOnToolsVersion = 8.2;
						ProvisioningStyle = Automatic;
						TestTargetID = 488B6B3D1E05D9A3003471A3;
					};
					488B6B5C1E05D9A3003471A3 = {
						CreatedOnToolsVersion = 8.2;
						ProvisioningStyle = Automatic;
						TestTargetID = 488B6B3D1E05D9A3003471A3;
					};
				};
			};
			buildConfigurationList = 488B6B391E05D9A3003471A3 /* Build configuration list for PBXProject "CustomActionSheet" */;
			compatibilityVersion = "Xcode 3.2";
			developmentRegion = English;
			hasScannedForEncodings = 0;
			knownRegions = (
				en,
				Base,
			);
			mainGroup = 488B6B351E05D9A3003471A3;
			productRefGroup = 488B6B3F1E05D9A3003471A3 /* Products */;
			projectDirPath = "";
			projectRoot = "";
			targets = (
				488B6B3D1E05D9A3003471A3 /* CustomActionSheet */,
				488B6B511E05D9A3003471A3 /* CustomActionSheetTests */,
				488B6B5C1E05D9A3003471A3 /* CustomActionSheetUITests */,
			);
		};
/* End PBXProject section */

/* Begin PBXResourcesBuildPhase section */
		488B6B3C1E05D9A3003471A3 /* Resources */ = {
			isa = PBXResourcesBuildPhase;
			buildActionMask = 2147483647;
			files = (
				488B6B4C1E05D9A3003471A3 /* LaunchScreen.storyboard in Resources */,
				488B6B491E05D9A3003471A3 /* Assets.xcassets in Resources */,
				488B6B471E05D9A3003471A3 /* Main.storyboard in Resources */,
			);
			runOnlyForDeploymentPostprocessing = 0;
		};
		488B6B501E05D9A3003471A3 /* Resources */ = {
			isa = PBXResourcesBuildPhase;
			buildActionMask = 2147483647;
			files = (
			);
			runOnlyForDeploymentPostprocessing = 0;
		};
		488B6B5B1E05D9A3003471A3 /* Resources */ = {
			isa = PBXResourcesBuildPhase;
			buildActionMask = 2147483647;
			files = (
			);
			runOnlyForDeploymentPostprocessing = 0;
		};
/* End PBXResourcesBuildPhase section */

/* Begin PBXSourcesBuildPhase section */
		488B6B3A1E05D9A3003471A3 /* Sources */ = {
			isa = PBXSourcesBuildPhase;
			buildActionMask = 2147483647;
			files = (
				488B6B7D1E05E648003471A3 /* ViewController.swift in Sources */,
				488B6B861E05EB16003471A3 /* AlertSheetDelegate.swift in Sources */,
				488B6B8B1E05EB59003471A3 /* AlertSheetCell.swift in Sources */,
				488B6B7A1E05E641003471A3 /* AppDelegate.swift in Sources */,
				488B6B881E05EB2E003471A3 /* CellTapeable.swift in Sources */,
				488B6B821E05EAD6003471A3 /* Itemeable.swift in Sources */,
				488B6B701E05D9D1003471A3 /* ActionSheetLauncher.swift in Sources */,
				488B6B7F1E05E651003471A3 /* UIKit Extensions.swift in Sources */,
				488B6B841E05EAF8003471A3 /* AlertSheedDataSource.swift in Sources */,
			);
			runOnlyForDeploymentPostprocessing = 0;
		};
		488B6B4E1E05D9A3003471A3 /* Sources */ = {
			isa = PBXSourcesBuildPhase;
			buildActionMask = 2147483647;
			files = (
				488B6B571E05D9A3003471A3 /* CustomActionSheetTests.swift in Sources */,
			);
			runOnlyForDeploymentPostprocessing = 0;
		};
		488B6B591E05D9A3003471A3 /* Sources */ = {
			isa = PBXSourcesBuildPhase;
			buildActionMask = 2147483647;
			files = (
				488B6B621E05D9A3003471A3 /* CustomActionSheetUITests.swift in Sources */,
			);
			runOnlyForDeploymentPostprocessing = 0;
		};
/* End PBXSourcesBuildPhase section */

/* Begin PBXTargetDependency section */
		488B6B541E05D9A3003471A3 /* PBXTargetDependency */ = {
			isa = PBXTargetDependency;
			target = 488B6B3D1E05D9A3003471A3 /* CustomActionSheet */;
			targetProxy = 488B6B531E05D9A3003471A3 /* PBXContainerItemProxy */;
		};
		488B6B5F1E05D9A3003471A3 /* PBXTargetDependency */ = {
			isa = PBXTargetDependency;
			target = 488B6B3D1E05D9A3003471A3 /* CustomActionSheet */;
			targetProxy = 488B6B5E1E05D9A3003471A3 /* PBXContainerItemProxy */;
		};
/* End PBXTargetDependency section */

/* Begin PBXVariantGroup section */
		488B6B451E05D9A3003471A3 /* Main.storyboard */ = {
			isa = PBXVariantGroup;
			children = (
				488B6B461E05D9A3003471A3 /* Base */,
			);
			name = Main.storyboard;
			sourceTree = "<group>";
		};
		488B6B4A1E05D9A3003471A3 /* LaunchScreen.storyboard */ = {
			isa = PBXVariantGroup;
			children = (
				488B6B4B1E05D9A3003471A3 /* Base */,
			);
			name = LaunchScreen.storyboard;
			sourceTree = "<group>";
		};
/* End PBXVariantGroup section */

/* Begin XCBuildConfiguration section */
		488B6B641E05D9A3003471A3 /* Debug */ = {
			isa = XCBuildConfiguration;
			buildSettings = {
				ALWAYS_SEARCH_USER_PATHS = NO;
				CLANG_ANALYZER_NONNULL = YES;
				CLANG_CXX_LANGUAGE_STANDARD = "gnu++0x";
				CLANG_CXX_LIBRARY = "libc++";
				CLANG_ENABLE_MODULES = YES;
				CLANG_ENABLE_OBJC_ARC = YES;
				CLANG_WARN_BOOL_CONVERSION = YES;
				CLANG_WARN_CONSTANT_CONVERSION = YES;
				CLANG_WARN_DIRECT_OBJC_ISA_USAGE = YES_ERROR;
				CLANG_WARN_DOCUMENTATION_COMMENTS = YES;
				CLANG_WARN_EMPTY_BODY = YES;
				CLANG_WARN_ENUM_CONVERSION = YES;
				CLANG_WARN_INFINITE_RECURSION = YES;
				CLANG_WARN_INT_CONVERSION = YES;
				CLANG_WARN_OBJC_ROOT_CLASS = YES_ERROR;
				CLANG_WARN_SUSPICIOUS_MOVE = YES;
				CLANG_WARN_UNREACHABLE_CODE = YES;
				CLANG_WARN__DUPLICATE_METHOD_MATCH = YES;
				"CODE_SIGN_IDENTITY[sdk=iphoneos*]" = "iPhone Developer";
				COPY_PHASE_STRIP = NO;
				DEBUG_INFORMATION_FORMAT = dwarf;
				ENABLE_STRICT_OBJC_MSGSEND = YES;
				ENABLE_TESTABILITY = YES;
				GCC_C_LANGUAGE_STANDARD = gnu99;
				GCC_DYNAMIC_NO_PIC = NO;
				GCC_NO_COMMON_BLOCKS = YES;
				GCC_OPTIMIZATION_LEVEL = 0;
				GCC_PREPROCESSOR_DEFINITIONS = (
					"DEBUG=1",
					"$(inherited)",
				);
				GCC_WARN_64_TO_32_BIT_CONVERSION = YES;
				GCC_WARN_ABOUT_RETURN_TYPE = YES_ERROR;
				GCC_WARN_UNDECLARED_SELECTOR = YES;
				GCC_WARN_UNINITIALIZED_AUTOS = YES_AGGRESSIVE;
				GCC_WARN_UNUSED_FUNCTION = YES;
				GCC_WARN_UNUSED_VARIABLE = YES;
				IPHONEOS_DEPLOYMENT_TARGET = 8.0;
				MTL_ENABLE_DEBUG_INFO = YES;
				ONLY_ACTIVE_ARCH = YES;
				SDKROOT = iphoneos;
				SWIFT_ACTIVE_COMPILATION_CONDITIONS = DEBUG;
				SWIFT_OPTIMIZATION_LEVEL = "-Onone";
				TARGETED_DEVICE_FAMILY = "1,2";
			};
			name = Debug;
		};
		488B6B651E05D9A3003471A3 /* Release */ = {
			isa = XCBuildConfiguration;
			buildSettings = {
				ALWAYS_SEARCH_USER_PATHS = NO;
				CLANG_ANALYZER_NONNULL = YES;
				CLANG_CXX_LANGUAGE_STANDARD = "gnu++0x";
				CLANG_CXX_LIBRARY = "libc++";
				CLANG_ENABLE_MODULES = YES;
				CLANG_ENABLE_OBJC_ARC = YES;
				CLANG_WARN_BOOL_CONVERSION = YES;
				CLANG_WARN_CONSTANT_CONVERSION = YES;
				CLANG_WARN_DIRECT_OBJC_ISA_USAGE = YES_ERROR;
				CLANG_WARN_DOCUMENTATION_COMMENTS = YES;
				CLANG_WARN_EMPTY_BODY = YES;
				CLANG_WARN_ENUM_CONVERSION = YES;
				CLANG_WARN_INFINITE_RECURSION = YES;
				CLANG_WARN_INT_CONVERSION = YES;
				CLANG_WARN_OBJC_ROOT_CLASS = YES_ERROR;
				CLANG_WARN_SUSPICIOUS_MOVE = YES;
				CLANG_WARN_UNREACHABLE_CODE = YES;
				CLANG_WARN__DUPLICATE_METHOD_MATCH = YES;
				"CODE_SIGN_IDENTITY[sdk=iphoneos*]" = "iPhone Developer";
				COPY_PHASE_STRIP = NO;
				DEBUG_INFORMATION_FORMAT = "dwarf-with-dsym";
				ENABLE_NS_ASSERTIONS = NO;
				ENABLE_STRICT_OBJC_MSGSEND = YES;
				GCC_C_LANGUAGE_STANDARD = gnu99;
				GCC_NO_COMMON_BLOCKS = YES;
				GCC_WARN_64_TO_32_BIT_CONVERSION = YES;
				GCC_WARN_ABOUT_RETURN_TYPE = YES_ERROR;
				GCC_WARN_UNDECLARED_SELECTOR = YES;
				GCC_WARN_UNINITIALIZED_AUTOS = YES_AGGRESSIVE;
				GCC_WARN_UNUSED_FUNCTION = YES;
				GCC_WARN_UNUSED_VARIABLE = YES;
				IPHONEOS_DEPLOYMENT_TARGET = 8.0;
				MTL_ENABLE_DEBUG_INFO = NO;
				SDKROOT = iphoneos;
				SWIFT_OPTIMIZATION_LEVEL = "-Owholemodule";
				TARGETED_DEVICE_FAMILY = "1,2";
				VALIDATE_PRODUCT = YES;
			};
			name = Release;
		};
		488B6B671E05D9A3003471A3 /* Debug */ = {
			isa = XCBuildConfiguration;
			buildSettings = {
				ASSETCATALOG_COMPILER_APPICON_NAME = AppIcon;
				INFOPLIST_FILE = "$(SRCROOT)/CustomActionSheet/Supporting Files/Info.plist";
				IPHONEOS_DEPLOYMENT_TARGET = 8.0;
				LD_RUNPATH_SEARCH_PATHS = "$(inherited) @executable_path/Frameworks";
				PRODUCT_BUNDLE_IDENTIFIER = com.mihailsalari.CustomActionSheet;
				PRODUCT_NAME = "$(TARGET_NAME)";
				SWIFT_VERSION = 3.0;
				TARGETED_DEVICE_FAMILY = "1,2";
			};
			name = Debug;
		};
		488B6B681E05D9A3003471A3 /* Release */ = {
			isa = XCBuildConfiguration;
			buildSettings = {
				ASSETCATALOG_COMPILER_APPICON_NAME = AppIcon;
				INFOPLIST_FILE = "$(SRCROOT)/CustomActionSheet/Supporting Files/Info.plist";
				IPHONEOS_DEPLOYMENT_TARGET = 8.0;
				LD_RUNPATH_SEARCH_PATHS = "$(inherited) @executable_path/Frameworks";
				PRODUCT_BUNDLE_IDENTIFIER = com.mihailsalari.CustomActionSheet;
				PRODUCT_NAME = "$(TARGET_NAME)";
				SWIFT_VERSION = 3.0;
				TARGETED_DEVICE_FAMILY = "1,2";
			};
			name = Release;
		};
		488B6B6A1E05D9A3003471A3 /* Debug */ = {
			isa = XCBuildConfiguration;
			buildSettings = {
				ALWAYS_EMBED_SWIFT_STANDARD_LIBRARIES = YES;
				BUNDLE_LOADER = "$(TEST_HOST)";
				INFOPLIST_FILE = CustomActionSheetTests/Info.plist;
				LD_RUNPATH_SEARCH_PATHS = "$(inherited) @executable_path/Frameworks @loader_path/Frameworks";
				PRODUCT_BUNDLE_IDENTIFIER = com.mihailsalari.CustomActionSheetTests;
				PRODUCT_NAME = "$(TARGET_NAME)";
				SWIFT_VERSION = 3.0;
				TEST_HOST = "$(BUILT_PRODUCTS_DIR)/CustomActionSheet.app/CustomActionSheet";
			};
			name = Debug;
		};
		488B6B6B1E05D9A3003471A3 /* Release */ = {
			isa = XCBuildConfiguration;
			buildSettings = {
				ALWAYS_EMBED_SWIFT_STANDARD_LIBRARIES = YES;
				BUNDLE_LOADER = "$(TEST_HOST)";
				INFOPLIST_FILE = CustomActionSheetTests/Info.plist;
				LD_RUNPATH_SEARCH_PATHS = "$(inherited) @executable_path/Frameworks @loader_path/Frameworks";
				PRODUCT_BUNDLE_IDENTIFIER = com.mihailsalari.CustomActionSheetTests;
				PRODUCT_NAME = "$(TARGET_NAME)";
				SWIFT_VERSION = 3.0;
				TEST_HOST = "$(BUILT_PRODUCTS_DIR)/CustomActionSheet.app/CustomActionSheet";
			};
			name = Release;
		};
		488B6B6D1E05D9A3003471A3 /* Debug */ = {
			isa = XCBuildConfiguration;
			buildSettings = {
				ALWAYS_EMBED_SWIFT_STANDARD_LIBRARIES = YES;
				INFOPLIST_FILE = CustomActionSheetUITests/Info.plist;
				LD_RUNPATH_SEARCH_PATHS = "$(inherited) @executable_path/Frameworks @loader_path/Frameworks";
				PRODUCT_BUNDLE_IDENTIFIER = com.mihailsalari.CustomActionSheetUITests;
				PRODUCT_NAME = "$(TARGET_NAME)";
				SWIFT_VERSION = 3.0;
				TEST_TARGET_NAME = CustomActionSheet;
			};
			name = Debug;
		};
		488B6B6E1E05D9A3003471A3 /* Release */ = {
			isa = XCBuildConfiguration;
			buildSettings = {
				ALWAYS_EMBED_SWIFT_STANDARD_LIBRARIES = YES;
				INFOPLIST_FILE = CustomActionSheetUITests/Info.plist;
				LD_RUNPATH_SEARCH_PATHS = "$(inherited) @executable_path/Frameworks @loader_path/Frameworks";
				PRODUCT_BUNDLE_IDENTIFIER = com.mihailsalari.CustomActionSheetUITests;
				PRODUCT_NAME = "$(TARGET_NAME)";
				SWIFT_VERSION = 3.0;
				TEST_TARGET_NAME = CustomActionSheet;
			};
			name = Release;
		};
/* End XCBuildConfiguration section */

/* Begin XCConfigurationList section */
		488B6B391E05D9A3003471A3 /* Build configuration list for PBXProject "CustomActionSheet" */ = {
			isa = XCConfigurationList;
			buildConfigurations = (
				488B6B641E05D9A3003471A3 /* Debug */,
				488B6B651E05D9A3003471A3 /* Release */,
			);
			defaultConfigurationIsVisible = 0;
			defaultConfigurationName = Release;
		};
		488B6B661E05D9A3003471A3 /* Build configuration list for PBXNativeTarget "CustomActionSheet" */ = {
			isa = XCConfigurationList;
			buildConfigurations = (
				488B6B671E05D9A3003471A3 /* Debug */,
				488B6B681E05D9A3003471A3 /* Release */,
			);
			defaultConfigurationIsVisible = 0;
		};
		488B6B691E05D9A3003471A3 /* Build configuration list for PBXNativeTarget "CustomActionSheetTests" */ = {
			isa = XCConfigurationList;
			buildConfigurations = (
				488B6B6A1E05D9A3003471A3 /* Debug */,
				488B6B6B1E05D9A3003471A3 /* Release */,
			);
			defaultConfigurationIsVisible = 0;
		};
		488B6B6C1E05D9A3003471A3 /* Build configuration list for PBXNativeTarget "CustomActionSheetUITests" */ = {
			isa = XCConfigurationList;
			buildConfigurations = (
				488B6B6D1E05D9A3003471A3 /* Debug */,
				488B6B6E1E05D9A3003471A3 /* Release */,
			);
			defaultConfigurationIsVisible = 0;
		};
/* End XCConfigurationList section */
	};
	rootObject = 488B6B361E05D9A3003471A3 /* Project object */;
}
